// !$*UTF8*$!
{
	archiveVersion = 1;
	classes = {
	};
	objectVersion = 46;
	objects = {

/* Begin PBXBuildFile section */
		B1143357160133FD006B7239 /* UIKit.framework in Frameworks */ = {isa = PBXBuildFile; fileRef = B1143356160133FD006B7239 /* UIKit.framework */; };
		B1143359160133FD006B7239 /* Foundation.framework in Frameworks */ = {isa = PBXBuildFile; fileRef = B1143358160133FD006B7239 /* Foundation.framework */; };
		B114335B160133FD006B7239 /* CoreGraphics.framework in Frameworks */ = {isa = PBXBuildFile; fileRef = B114335A160133FD006B7239 /* CoreGraphics.framework */; };
		B1143361160133FD006B7239 /* InfoPlist.strings in Resources */ = {isa = PBXBuildFile; fileRef = B114335F160133FD006B7239 /* InfoPlist.strings */; };
		B1143363160133FD006B7239 /* main.m in Sources */ = {isa = PBXBuildFile; fileRef = B1143362160133FD006B7239 /* main.m */; };
		B1143367160133FD006B7239 /* AppDelegate.m in Sources */ = {isa = PBXBuildFile; fileRef = B1143366160133FD006B7239 /* AppDelegate.m */; };
		B146E2AB160A6096009357C3 /* TabBarController.m in Sources */ = {isa = PBXBuildFile; fileRef = B146E2AA160A6096009357C3 /* TabBarController.m */; };
		B146E2B2160A60B7009357C3 /* WorkoutViewController.m in Sources */ = {isa = PBXBuildFile; fileRef = B146E2AD160A60B7009357C3 /* WorkoutViewController.m */; };
		B146E2B3160A60B7009357C3 /* WorkoutViewReady.m in Sources */ = {isa = PBXBuildFile; fileRef = B146E2AF160A60B7009357C3 /* WorkoutViewReady.m */; };
		B146E2B4160A60B7009357C3 /* WorkoutViewTracking.m in Sources */ = {isa = PBXBuildFile; fileRef = B146E2B1160A60B7009357C3 /* WorkoutViewTracking.m */; };
		B146E2BB160A60BF009357C3 /* HistoryViewController.m in Sources */ = {isa = PBXBuildFile; fileRef = B146E2B6160A60BF009357C3 /* HistoryViewController.m */; };
		B146E2BC160A60BF009357C3 /* HistoryViewDetail.m in Sources */ = {isa = PBXBuildFile; fileRef = B146E2B8160A60BF009357C3 /* HistoryViewDetail.m */; };
		B146E2BD160A60BF009357C3 /* HistoryViewList.m in Sources */ = {isa = PBXBuildFile; fileRef = B146E2BA160A60BF009357C3 /* HistoryViewList.m */; };
		B146E2C0160A60C8009357C3 /* NearbyViewController.m in Sources */ = {isa = PBXBuildFile; fileRef = B146E2BF160A60C8009357C3 /* NearbyViewController.m */; };
		B146E2C6160A6192009357C3 /* NearbyViewList.m in Sources */ = {isa = PBXBuildFile; fileRef = B146E2C5160A6192009357C3 /* NearbyViewList.m */; };
		B146E2C9160A61CD009357C3 /* NearbyViewFeed.m in Sources */ = {isa = PBXBuildFile; fileRef = B146E2C8160A61CD009357C3 /* NearbyViewFeed.m */; };
		B146E2CC160A6296009357C3 /* HistoryViewFeed.m in Sources */ = {isa = PBXBuildFile; fileRef = B146E2CB160A6296009357C3 /* HistoryViewFeed.m */; };
		B146E2CF160A632E009357C3 /* ProfileViewController.m in Sources */ = {isa = PBXBuildFile; fileRef = B146E2CE160A632E009357C3 /* ProfileViewController.m */; };
		B146E2D2160A6368009357C3 /* ProfileView.m in Sources */ = {isa = PBXBuildFile; fileRef = B146E2D1160A6368009357C3 /* ProfileView.m */; };
		B146E2D5160A6D6D009357C3 /* tabbar_bg.png in Resources */ = {isa = PBXBuildFile; fileRef = B146E2D3160A6D6D009357C3 /* tabbar_bg.png */; };
		B146E2D6160A6D6D009357C3 /* tabbar_selected.png in Resources */ = {isa = PBXBuildFile; fileRef = B146E2D4160A6D6D009357C3 /* tabbar_selected.png */; };
/* End PBXBuildFile section */

/* Begin PBXFileReference section */
		B1143352160133FD006B7239 /* Joyfl Tracker.app */ = {isa = PBXFileReference; explicitFileType = wrapper.application; includeInIndex = 0; path = "Joyfl Tracker.app"; sourceTree = BUILT_PRODUCTS_DIR; };
		B1143356160133FD006B7239 /* UIKit.framework */ = {isa = PBXFileReference; lastKnownFileType = wrapper.framework; name = UIKit.framework; path = System/Library/Frameworks/UIKit.framework; sourceTree = SDKROOT; };
		B1143358160133FD006B7239 /* Foundation.framework */ = {isa = PBXFileReference; lastKnownFileType = wrapper.framework; name = Foundation.framework; path = System/Library/Frameworks/Foundation.framework; sourceTree = SDKROOT; };
		B114335A160133FD006B7239 /* CoreGraphics.framework */ = {isa = PBXFileReference; lastKnownFileType = wrapper.framework; name = CoreGraphics.framework; path = System/Library/Frameworks/CoreGraphics.framework; sourceTree = SDKROOT; };
		B114335E160133FD006B7239 /* Joyfl Tracker-Info.plist */ = {isa = PBXFileReference; lastKnownFileType = text.plist.xml; path = "Joyfl Tracker-Info.plist"; sourceTree = "<group>"; };
		B1143360160133FD006B7239 /* en */ = {isa = PBXFileReference; lastKnownFileType = text.plist.strings; name = en; path = en.lproj/InfoPlist.strings; sourceTree = "<group>"; };
		B1143362160133FD006B7239 /* main.m */ = {isa = PBXFileReference; lastKnownFileType = sourcecode.c.objc; path = main.m; sourceTree = "<group>"; };
		B1143364160133FD006B7239 /* Joyfl Tracker-Prefix.pch */ = {isa = PBXFileReference; lastKnownFileType = sourcecode.c.h; path = "Joyfl Tracker-Prefix.pch"; sourceTree = "<group>"; };
		B1143365160133FD006B7239 /* AppDelegate.h */ = {isa = PBXFileReference; lastKnownFileType = sourcecode.c.h; path = AppDelegate.h; sourceTree = "<group>"; };
		B1143366160133FD006B7239 /* AppDelegate.m */ = {isa = PBXFileReference; lastKnownFileType = sourcecode.c.objc; path = AppDelegate.m; sourceTree = "<group>"; };
		B146E2A9160A6096009357C3 /* TabBarController.h */ = {isa = PBXFileReference; fileEncoding = 4; lastKnownFileType = sourcecode.c.h; name = TabBarController.h; path = Classes/TabBar/TabBarController.h; sourceTree = "<group>"; };
		B146E2AA160A6096009357C3 /* TabBarController.m */ = {isa = PBXFileReference; fileEncoding = 4; lastKnownFileType = sourcecode.c.objc; name = TabBarController.m; path = Classes/TabBar/TabBarController.m; sourceTree = "<group>"; };
		B146E2AC160A60B7009357C3 /* WorkoutViewController.h */ = {isa = PBXFileReference; fileEncoding = 4; lastKnownFileType = sourcecode.c.h; name = WorkoutViewController.h; path = Classes/Workout/WorkoutViewController.h; sourceTree = "<group>"; };
		B146E2AD160A60B7009357C3 /* WorkoutViewController.m */ = {isa = PBXFileReference; fileEncoding = 4; lastKnownFileType = sourcecode.c.objc; name = WorkoutViewController.m; path = Classes/Workout/WorkoutViewController.m; sourceTree = "<group>"; };
		B146E2AE160A60B7009357C3 /* WorkoutViewReady.h */ = {isa = PBXFileReference; fileEncoding = 4; lastKnownFileType = sourcecode.c.h; name = WorkoutViewReady.h; path = Classes/Workout/WorkoutViewReady.h; sourceTree = "<group>"; };
		B146E2AF160A60B7009357C3 /* WorkoutViewReady.m */ = {isa = PBXFileReference; fileEncoding = 4; lastKnownFileType = sourcecode.c.objc; name = WorkoutViewReady.m; path = Classes/Workout/WorkoutViewReady.m; sourceTree = "<group>"; };
		B146E2B0160A60B7009357C3 /* WorkoutViewTracking.h */ = {isa = PBXFileReference; fileEncoding = 4; lastKnownFileType = sourcecode.c.h; name = WorkoutViewTracking.h; path = Classes/Workout/WorkoutViewTracking.h; sourceTree = "<group>"; };
		B146E2B1160A60B7009357C3 /* WorkoutViewTracking.m */ = {isa = PBXFileReference; fileEncoding = 4; lastKnownFileType = sourcecode.c.objc; name = WorkoutViewTracking.m; path = Classes/Workout/WorkoutViewTracking.m; sourceTree = "<group>"; };
		B146E2B5160A60BF009357C3 /* HistoryViewController.h */ = {isa = PBXFileReference; fileEncoding = 4; lastKnownFileType = sourcecode.c.h; name = HistoryViewController.h; path = Classes/History/HistoryViewController.h; sourceTree = "<group>"; };
		B146E2B6160A60BF009357C3 /* HistoryViewController.m */ = {isa = PBXFileReference; fileEncoding = 4; lastKnownFileType = sourcecode.c.objc; name = HistoryViewController.m; path = Classes/History/HistoryViewController.m; sourceTree = "<group>"; };
		B146E2B7160A60BF009357C3 /* HistoryViewDetail.h */ = {isa = PBXFileReference; fileEncoding = 4; lastKnownFileType = sourcecode.c.h; name = HistoryViewDetail.h; path = Classes/History/HistoryViewDetail.h; sourceTree = "<group>"; };
		B146E2B8160A60BF009357C3 /* HistoryViewDetail.m */ = {isa = PBXFileReference; fileEncoding = 4; lastKnownFileType = sourcecode.c.objc; name = HistoryViewDetail.m; path = Classes/History/HistoryViewDetail.m; sourceTree = "<group>"; };
		B146E2B9160A60BF009357C3 /* HistoryViewList.h */ = {isa = PBXFileReference; fileEncoding = 4; lastKnownFileType = sourcecode.c.h; name = HistoryViewList.h; path = Classes/History/HistoryViewList.h; sourceTree = "<group>"; };
		B146E2BA160A60BF009357C3 /* HistoryViewList.m */ = {isa = PBXFileReference; fileEncoding = 4; lastKnownFileType = sourcecode.c.objc; name = HistoryViewList.m; path = Classes/History/HistoryViewList.m; sourceTree = "<group>"; };
		B146E2BE160A60C8009357C3 /* NearbyViewController.h */ = {isa = PBXFileReference; fileEncoding = 4; lastKnownFileType = sourcecode.c.h; name = NearbyViewController.h; path = Classes/Nearby/NearbyViewController.h; sourceTree = "<group>"; };
		B146E2BF160A60C8009357C3 /* NearbyViewController.m */ = {isa = PBXFileReference; fileEncoding = 4; lastKnownFileType = sourcecode.c.objc; name = NearbyViewController.m; path = Classes/Nearby/NearbyViewController.m; sourceTree = "<group>"; };
		B146E2C4160A6192009357C3 /* NearbyViewList.h */ = {isa = PBXFileReference; fileEncoding = 4; lastKnownFileType = sourcecode.c.h; name = NearbyViewList.h; path = Classes/Nearby/NearbyViewList.h; sourceTree = "<group>"; };
		B146E2C5160A6192009357C3 /* NearbyViewList.m */ = {isa = PBXFileReference; fileEncoding = 4; lastKnownFileType = sourcecode.c.objc; name = NearbyViewList.m; path = Classes/Nearby/NearbyViewList.m; sourceTree = "<group>"; };
		B146E2C7160A61CD009357C3 /* NearbyViewFeed.h */ = {isa = PBXFileReference; fileEncoding = 4; lastKnownFileType = sourcecode.c.h; name = NearbyViewFeed.h; path = Classes/Nearby/NearbyViewFeed.h; sourceTree = "<group>"; };
		B146E2C8160A61CD009357C3 /* NearbyViewFeed.m */ = {isa = PBXFileReference; fileEncoding = 4; lastKnownFileType = sourcecode.c.objc; name = NearbyViewFeed.m; path = Classes/Nearby/NearbyViewFeed.m; sourceTree = "<group>"; };
		B146E2CA160A6296009357C3 /* HistoryViewFeed.h */ = {isa = PBXFileReference; fileEncoding = 4; lastKnownFileType = sourcecode.c.h; name = HistoryViewFeed.h; path = Classes/History/HistoryViewFeed.h; sourceTree = "<group>"; };
		B146E2CB160A6296009357C3 /* HistoryViewFeed.m */ = {isa = PBXFileReference; fileEncoding = 4; lastKnownFileType = sourcecode.c.objc; name = HistoryViewFeed.m; path = Classes/History/HistoryViewFeed.m; sourceTree = "<group>"; };
		B146E2CD160A632E009357C3 /* ProfileViewController.h */ = {isa = PBXFileReference; fileEncoding = 4; lastKnownFileType = sourcecode.c.h; name = ProfileViewController.h; path = Classes/Profile/ProfileViewController.h; sourceTree = "<group>"; };
		B146E2CE160A632E009357C3 /* ProfileViewController.m */ = {isa = PBXFileReference; fileEncoding = 4; lastKnownFileType = sourcecode.c.objc; name = ProfileViewController.m; path = Classes/Profile/ProfileViewController.m; sourceTree = "<group>"; };
		B146E2D0160A6368009357C3 /* ProfileView.h */ = {isa = PBXFileReference; fileEncoding = 4; lastKnownFileType = sourcecode.c.h; name = ProfileView.h; path = Classes/Profile/ProfileView.h; sourceTree = "<group>"; };
		B146E2D1160A6368009357C3 /* ProfileView.m */ = {isa = PBXFileReference; fileEncoding = 4; lastKnownFileType = sourcecode.c.objc; name = ProfileView.m; path = Classes/Profile/ProfileView.m; sourceTree = "<group>"; };
		B146E2D3160A6D6D009357C3 /* tabbar_bg.png */ = {isa = PBXFileReference; lastKnownFileType = image.png; name = tabbar_bg.png; path = Resource/Image/tabbar_bg.png; sourceTree = "<group>"; };
		B146E2D4160A6D6D009357C3 /* tabbar_selected.png */ = {isa = PBXFileReference; lastKnownFileType = image.png; name = tabbar_selected.png; path = Resource/Image/tabbar_selected.png; sourceTree = "<group>"; };
/* End PBXFileReference section */

/* Begin PBXFrameworksBuildPhase section */
		B114334F160133FD006B7239 /* Frameworks */ = {
			isa = PBXFrameworksBuildPhase;
			buildActionMask = 2147483647;
			files = (
				B1143357160133FD006B7239 /* UIKit.framework in Frameworks */,
				B1143359160133FD006B7239 /* Foundation.framework in Frameworks */,
				B114335B160133FD006B7239 /* CoreGraphics.framework in Frameworks */,
			);
			runOnlyForDeploymentPostprocessing = 0;
		};
/* End PBXFrameworksBuildPhase section */

/* Begin PBXGroup section */
		B1143347160133FD006B7239 = {
			isa = PBXGroup;
			children = (
				B114335C160133FD006B7239 /* Joyfl Tracker */,
				B1143355160133FD006B7239 /* Frameworks */,
				B1143353160133FD006B7239 /* Products */,
			);
			sourceTree = "<group>";
		};
		B1143353160133FD006B7239 /* Products */ = {
			isa = PBXGroup;
			children = (
				B1143352160133FD006B7239 /* Joyfl Tracker.app */,
			);
			name = Products;
			sourceTree = "<group>";
		};
		B1143355160133FD006B7239 /* Frameworks */ = {
			isa = PBXGroup;
			children = (
				B1143356160133FD006B7239 /* UIKit.framework */,
				B1143358160133FD006B7239 /* Foundation.framework */,
				B114335A160133FD006B7239 /* CoreGraphics.framework */,
			);
			name = Frameworks;
			sourceTree = "<group>";
		};
		B114335C160133FD006B7239 /* Joyfl Tracker */ = {
			isa = PBXGroup;
			children = (
				B1143365160133FD006B7239 /* AppDelegate.h */,
				B1143366160133FD006B7239 /* AppDelegate.m */,
				B114338616013BDC006B7239 /* TabBar */,
				B114337C16013958006B7239 /* Workout */,
				B114338A16013FD6006B7239 /* History */,
				B114338B16013FDF006B7239 /* Nearby */,
				B146E2A5160A6026009357C3 /* Profile */,
				B182DADC1601C1080017BB8B /* Resource */,
				B114335D160133FD006B7239 /* Supporting Files */,
			);
			path = "Joyfl Tracker";
			sourceTree = "<group>";
		};
		B114335D160133FD006B7239 /* Supporting Files */ = {
			isa = PBXGroup;
			children = (
				B114335E160133FD006B7239 /* Joyfl Tracker-Info.plist */,
				B114335F160133FD006B7239 /* InfoPlist.strings */,
				B1143362160133FD006B7239 /* main.m */,
				B1143364160133FD006B7239 /* Joyfl Tracker-Prefix.pch */,
			);
			name = "Supporting Files";
			sourceTree = "<group>";
		};
		B114337C16013958006B7239 /* Workout */ = {
			isa = PBXGroup;
			children = (
				B146E2AC160A60B7009357C3 /* WorkoutViewController.h */,
				B146E2AD160A60B7009357C3 /* WorkoutViewController.m */,
				B146E2AE160A60B7009357C3 /* WorkoutViewReady.h */,
				B146E2AF160A60B7009357C3 /* WorkoutViewReady.m */,
				B146E2B0160A60B7009357C3 /* WorkoutViewTracking.h */,
				B146E2B1160A60B7009357C3 /* WorkoutViewTracking.m */,
			);
			name = Workout;
			sourceTree = "<group>";
		};
		B114338616013BDC006B7239 /* TabBar */ = {
			isa = PBXGroup;
			children = (
				B146E2A9160A6096009357C3 /* TabBarController.h */,
				B146E2AA160A6096009357C3 /* TabBarController.m */,
			);
			name = TabBar;
			sourceTree = "<group>";
		};
		B114338A16013FD6006B7239 /* History */ = {
			isa = PBXGroup;
			children = (
				B146E2B5160A60BF009357C3 /* HistoryViewController.h */,
				B146E2B6160A60BF009357C3 /* HistoryViewController.m */,
				B146E2B9160A60BF009357C3 /* HistoryViewList.h */,
				B146E2BA160A60BF009357C3 /* HistoryViewList.m */,
				B146E2CA160A6296009357C3 /* HistoryViewFeed.h */,
				B146E2CB160A6296009357C3 /* HistoryViewFeed.m */,
				B146E2B7160A60BF009357C3 /* HistoryViewDetail.h */,
				B146E2B8160A60BF009357C3 /* HistoryViewDetail.m */,
			);
			name = History;
			sourceTree = "<group>";
		};
		B114338B16013FDF006B7239 /* Nearby */ = {
			isa = PBXGroup;
			children = (
				B146E2BE160A60C8009357C3 /* NearbyViewController.h */,
				B146E2BF160A60C8009357C3 /* NearbyViewController.m */,
				B146E2C4160A6192009357C3 /* NearbyViewList.h */,
				B146E2C5160A6192009357C3 /* NearbyViewList.m */,
				B146E2C7160A61CD009357C3 /* NearbyViewFeed.h */,
				B146E2C8160A61CD009357C3 /* NearbyViewFeed.m */,
			);
			name = Nearby;
			sourceTree = "<group>";
		};
		B146E2A5160A6026009357C3 /* Profile */ = {
			isa = PBXGroup;
			children = (
				B146E2CD160A632E009357C3 /* ProfileViewController.h */,
				B146E2CE160A632E009357C3 /* ProfileViewController.m */,
				B146E2D0160A6368009357C3 /* ProfileView.h */,
				B146E2D1160A6368009357C3 /* ProfileView.m */,
			);
			name = Profile;
			sourceTree = "<group>";
		};
		B182DADC1601C1080017BB8B /* Resource */ = {
			isa = PBXGroup;
			children = (
				B182DADD1601C1140017BB8B /* Image */,
			);
			name = Resource;
			sourceTree = "<group>";
		};
		B182DADD1601C1140017BB8B /* Image */ = {
			isa = PBXGroup;
			children = (
				B146E2D3160A6D6D009357C3 /* tabbar_bg.png */,
				B146E2D4160A6D6D009357C3 /* tabbar_selected.png */,
			);
			name = Image;
			sourceTree = "<group>";
		};
/* End PBXGroup section */

/* Begin PBXNativeTarget section */
		B1143351160133FD006B7239 /* Joyfl Tracker */ = {
			isa = PBXNativeTarget;
			buildConfigurationList = B114336A160133FD006B7239 /* Build configuration list for PBXNativeTarget "Joyfl Tracker" */;
			buildPhases = (
				B114334E160133FD006B7239 /* Sources */,
				B114334F160133FD006B7239 /* Frameworks */,
				B1143350160133FD006B7239 /* Resources */,
			);
			buildRules = (
			);
			dependencies = (
			);
			name = "Joyfl Tracker";
			productName = "Joyfl Tracker";
			productReference = B1143352160133FD006B7239 /* Joyfl Tracker.app */;
			productType = "com.apple.product-type.application";
		};
/* End PBXNativeTarget section */

/* Begin PBXProject section */
		B1143349160133FD006B7239 /* Project object */ = {
			isa = PBXProject;
			attributes = {
				CLASSPREFIX = Tracker;
				LastUpgradeCheck = 0430;
				ORGANIZATIONNAME = "연세대학교";
			};
			buildConfigurationList = B114334C160133FD006B7239 /* Build configuration list for PBXProject "Joyfl Tracker" */;
			compatibilityVersion = "Xcode 3.2";
			developmentRegion = English;
			hasScannedForEncodings = 0;
			knownRegions = (
				en,
			);
			mainGroup = B1143347160133FD006B7239;
			productRefGroup = B1143353160133FD006B7239 /* Products */;
			projectDirPath = "";
			projectRoot = "";
			targets = (
				B1143351160133FD006B7239 /* Joyfl Tracker */,
			);
		};
/* End PBXProject section */

/* Begin PBXResourcesBuildPhase section */
		B1143350160133FD006B7239 /* Resources */ = {
			isa = PBXResourcesBuildPhase;
			buildActionMask = 2147483647;
			files = (
				B1143361160133FD006B7239 /* InfoPlist.strings in Resources */,
				B146E2D5160A6D6D009357C3 /* tabbar_bg.png in Resources */,
				B146E2D6160A6D6D009357C3 /* tabbar_selected.png in Resources */,
			);
			runOnlyForDeploymentPostprocessing = 0;
		};
/* End PBXResourcesBuildPhase section */

/* Begin PBXSourcesBuildPhase section */
		B114334E160133FD006B7239 /* Sources */ = {
			isa = PBXSourcesBuildPhase;
			buildActionMask = 2147483647;
			files = (
				B1143363160133FD006B7239 /* main.m in Sources */,
				B1143367160133FD006B7239 /* AppDelegate.m in Sources */,
				B146E2AB160A6096009357C3 /* TabBarController.m in Sources */,
				B146E2B2160A60B7009357C3 /* WorkoutViewController.m in Sources */,
				B146E2B3160A60B7009357C3 /* WorkoutViewReady.m in Sources */,
				B146E2B4160A60B7009357C3 /* WorkoutViewTracking.m in Sources */,
				B146E2BB160A60BF009357C3 /* HistoryViewController.m in Sources */,
				B146E2BC160A60BF009357C3 /* HistoryViewDetail.m in Sources */,
				B146E2BD160A60BF009357C3 /* HistoryViewList.m in Sources */,
				B146E2C0160A60C8009357C3 /* NearbyViewController.m in Sources */,
				B146E2C6160A6192009357C3 /* NearbyViewList.m in Sources */,
				B146E2C9160A61CD009357C3 /* NearbyViewFeed.m in Sources */,
				B146E2CC160A6296009357C3 /* HistoryViewFeed.m in Sources */,
				B146E2CF160A632E009357C3 /* ProfileViewController.m in Sources */,
				B146E2D2160A6368009357C3 /* ProfileView.m in Sources */,
			);
			runOnlyForDeploymentPostprocessing = 0;
		};
/* End PBXSourcesBuildPhase section */

/* Begin PBXVariantGroup section */
		B114335F160133FD006B7239 /* InfoPlist.strings */ = {
			isa = PBXVariantGroup;
			children = (
				B1143360160133FD006B7239 /* en */,
			);
			name = InfoPlist.strings;
			sourceTree = "<group>";
		};
/* End PBXVariantGroup section */

/* Begin XCBuildConfiguration section */
		B1143368160133FD006B7239 /* Debug */ = {
			isa = XCBuildConfiguration;
			buildSettings = {
				ALWAYS_SEARCH_USER_PATHS = NO;
				ARCHS = "$(ARCHS_STANDARD_32_BIT)";
				"CODE_SIGN_IDENTITY[sdk=iphoneos*]" = "iPhone Developer";
				COPY_PHASE_STRIP = NO;
				GCC_C_LANGUAGE_STANDARD = gnu99;
				GCC_DYNAMIC_NO_PIC = NO;
				GCC_OPTIMIZATION_LEVEL = 0;
				GCC_PREPROCESSOR_DEFINITIONS = (
					"DEBUG=1",
					"$(inherited)",
				);
				GCC_SYMBOLS_PRIVATE_EXTERN = NO;
				GCC_VERSION = com.apple.compilers.llvm.clang.1_0;
				GCC_WARN_ABOUT_RETURN_TYPE = YES;
				GCC_WARN_UNINITIALIZED_AUTOS = YES;
				GCC_WARN_UNUSED_VARIABLE = YES;
				IPHONEOS_DEPLOYMENT_TARGET = 5.1;
				SDKROOT = iphoneos;
			};
			name = Debug;
		};
		B1143369160133FD006B7239 /* Release */ = {
			isa = XCBuildConfiguration;
			buildSettings = {
				ALWAYS_SEARCH_USER_PATHS = NO;
				ARCHS = "$(ARCHS_STANDARD_32_BIT)";
				"CODE_SIGN_IDENTITY[sdk=iphoneos*]" = "iPhone Developer";
				COPY_PHASE_STRIP = YES;
				GCC_C_LANGUAGE_STANDARD = gnu99;
				GCC_VERSION = com.apple.compilers.llvm.clang.1_0;
				GCC_WARN_ABOUT_RETURN_TYPE = YES;
				GCC_WARN_UNINITIALIZED_AUTOS = YES;
				GCC_WARN_UNUSED_VARIABLE = YES;
				IPHONEOS_DEPLOYMENT_TARGET = 5.1;
				OTHER_CFLAGS = "-DNS_BLOCK_ASSERTIONS=1";
				SDKROOT = iphoneos;
				VALIDATE_PRODUCT = YES;
			};
			name = Release;
		};
		B114336B160133FD006B7239 /* Debug */ = {
			isa = XCBuildConfiguration;
			buildSettings = {
				GCC_PRECOMPILE_PREFIX_HEADER = YES;
				GCC_PREFIX_HEADER = "Joyfl Tracker/Joyfl Tracker-Prefix.pch";
				INFOPLIST_FILE = "Joyfl Tracker/Joyfl Tracker-Info.plist";
				PRODUCT_NAME = "$(TARGET_NAME)";
				WRAPPER_EXTENSION = app;
			};
			name = Debug;
		};
		B114336C160133FD006B7239 /* Release */ = {
			isa = XCBuildConfiguration;
			buildSettings = {
				GCC_PRECOMPILE_PREFIX_HEADER = YES;
				GCC_PREFIX_HEADER = "Joyfl Tracker/Joyfl Tracker-Prefix.pch";
				INFOPLIST_FILE = "Joyfl Tracker/Joyfl Tracker-Info.plist";
				PRODUCT_NAME = "$(TARGET_NAME)";
				WRAPPER_EXTENSION = app;
			};
			name = Release;
		};
/* End XCBuildConfiguration section */

/* Begin XCConfigurationList section */
		B114334C160133FD006B7239 /* Build configuration list for PBXProject "Joyfl Tracker" */ = {
			isa = XCConfigurationList;
			buildConfigurations = (
				B1143368160133FD006B7239 /* Debug */,
				B1143369160133FD006B7239 /* Release */,
			);
			defaultConfigurationIsVisible = 0;
			defaultConfigurationName = Release;
		};
		B114336A160133FD006B7239 /* Build configuration list for PBXNativeTarget "Joyfl Tracker" */ = {
			isa = XCConfigurationList;
			buildConfigurations = (
				B114336B160133FD006B7239 /* Debug */,
				B114336C160133FD006B7239 /* Release */,
			);
			defaultConfigurationIsVisible = 0;
			defaultConfigurationName = Release;
		};
/* End XCConfigurationList section */
	};
	rootObject = B1143349160133FD006B7239 /* Project object */;
}
