// !$*UTF8*$!
{
	archiveVersion = 1;
	classes = {
	};
	objectVersion = 46;
	objects = {

/* Begin PBXBuildFile section */
		B1143357160133FD006B7239 /* UIKit.framework in Frameworks */ = {isa = PBXBuildFile; fileRef = B1143356160133FD006B7239 /* UIKit.framework */; };
		B1143359160133FD006B7239 /* Foundation.framework in Frameworks */ = {isa = PBXBuildFile; fileRef = B1143358160133FD006B7239 /* Foundation.framework */; };
		B114335B160133FD006B7239 /* CoreGraphics.framework in Frameworks */ = {isa = PBXBuildFile; fileRef = B114335A160133FD006B7239 /* CoreGraphics.framework */; };
		B1143361160133FD006B7239 /* InfoPlist.strings in Resources */ = {isa = PBXBuildFile; fileRef = B114335F160133FD006B7239 /* InfoPlist.strings */; };
		B1143363160133FD006B7239 /* main.m in Sources */ = {isa = PBXBuildFile; fileRef = B1143362160133FD006B7239 /* main.m */; };
		B1143367160133FD006B7239 /* AppDelegate.m in Sources */ = {isa = PBXBuildFile; fileRef = B1143366160133FD006B7239 /* AppDelegate.m */; };
		B11433A816014925006B7239 /* run.png in Resources */ = {isa = PBXBuildFile; fileRef = B11433A716014925006B7239 /* run.png */; };
		B182DAC81601C09E0017BB8B /* TabBarController.m in Sources */ = {isa = PBXBuildFile; fileRef = B182DAC71601C09E0017BB8B /* TabBarController.m */; };
		B182DACE1601C0AA0017BB8B /* WorkoutView.m in Sources */ = {isa = PBXBuildFile; fileRef = B182DACB1601C0AA0017BB8B /* WorkoutView.m */; };
		B182DACF1601C0AA0017BB8B /* WorkoutViewController.m in Sources */ = {isa = PBXBuildFile; fileRef = B182DACD1601C0AA0017BB8B /* WorkoutViewController.m */; };
		B182DAD41601C0C40017BB8B /* HistoryView.m in Sources */ = {isa = PBXBuildFile; fileRef = B182DAD11601C0C40017BB8B /* HistoryView.m */; };
		B182DAD51601C0C40017BB8B /* HistoryViewController.m in Sources */ = {isa = PBXBuildFile; fileRef = B182DAD31601C0C40017BB8B /* HistoryViewController.m */; };
		B182DADA1601C0FE0017BB8B /* ProfileView.m in Sources */ = {isa = PBXBuildFile; fileRef = B182DAD71601C0FE0017BB8B /* ProfileView.m */; };
		B182DADB1601C0FE0017BB8B /* ProfileViewController.m in Sources */ = {isa = PBXBuildFile; fileRef = B182DAD91601C0FE0017BB8B /* ProfileViewController.m */; };
		B182DAE21601C1450017BB8B /* RoutesView.m in Sources */ = {isa = PBXBuildFile; fileRef = B182DADF1601C1450017BB8B /* RoutesView.m */; };
		B182DAE31601C1450017BB8B /* RoutesViewController.m in Sources */ = {isa = PBXBuildFile; fileRef = B182DAE11601C1450017BB8B /* RoutesViewController.m */; };
/* End PBXBuildFile section */

/* Begin PBXFileReference section */
		B1143352160133FD006B7239 /* Joyfl Tracker.app */ = {isa = PBXFileReference; explicitFileType = wrapper.application; includeInIndex = 0; path = "Joyfl Tracker.app"; sourceTree = BUILT_PRODUCTS_DIR; };
		B1143356160133FD006B7239 /* UIKit.framework */ = {isa = PBXFileReference; lastKnownFileType = wrapper.framework; name = UIKit.framework; path = System/Library/Frameworks/UIKit.framework; sourceTree = SDKROOT; };
		B1143358160133FD006B7239 /* Foundation.framework */ = {isa = PBXFileReference; lastKnownFileType = wrapper.framework; name = Foundation.framework; path = System/Library/Frameworks/Foundation.framework; sourceTree = SDKROOT; };
		B114335A160133FD006B7239 /* CoreGraphics.framework */ = {isa = PBXFileReference; lastKnownFileType = wrapper.framework; name = CoreGraphics.framework; path = System/Library/Frameworks/CoreGraphics.framework; sourceTree = SDKROOT; };
		B114335E160133FD006B7239 /* Joyfl Tracker-Info.plist */ = {isa = PBXFileReference; lastKnownFileType = text.plist.xml; path = "Joyfl Tracker-Info.plist"; sourceTree = "<group>"; };
		B1143360160133FD006B7239 /* en */ = {isa = PBXFileReference; lastKnownFileType = text.plist.strings; name = en; path = en.lproj/InfoPlist.strings; sourceTree = "<group>"; };
		B1143362160133FD006B7239 /* main.m */ = {isa = PBXFileReference; lastKnownFileType = sourcecode.c.objc; path = main.m; sourceTree = "<group>"; };
		B1143364160133FD006B7239 /* Joyfl Tracker-Prefix.pch */ = {isa = PBXFileReference; lastKnownFileType = sourcecode.c.h; path = "Joyfl Tracker-Prefix.pch"; sourceTree = "<group>"; };
		B1143365160133FD006B7239 /* AppDelegate.h */ = {isa = PBXFileReference; lastKnownFileType = sourcecode.c.h; path = AppDelegate.h; sourceTree = "<group>"; };
		B1143366160133FD006B7239 /* AppDelegate.m */ = {isa = PBXFileReference; lastKnownFileType = sourcecode.c.objc; path = AppDelegate.m; sourceTree = "<group>"; };
		B11433A716014925006B7239 /* run.png */ = {isa = PBXFileReference; lastKnownFileType = image.png; name = run.png; path = resource/image/run.png; sourceTree = "<group>"; };
		B182DAC61601C09E0017BB8B /* TabBarController.h */ = {isa = PBXFileReference; fileEncoding = 4; lastKnownFileType = sourcecode.c.h; name = TabBarController.h; path = TabBar/TabBarController.h; sourceTree = "<group>"; };
		B182DAC71601C09E0017BB8B /* TabBarController.m */ = {isa = PBXFileReference; fileEncoding = 4; lastKnownFileType = sourcecode.c.objc; name = TabBarController.m; path = TabBar/TabBarController.m; sourceTree = "<group>"; };
		B182DACA1601C0AA0017BB8B /* WorkoutView.h */ = {isa = PBXFileReference; fileEncoding = 4; lastKnownFileType = sourcecode.c.h; name = WorkoutView.h; path = Workout/WorkoutView.h; sourceTree = "<group>"; };
		B182DACB1601C0AA0017BB8B /* WorkoutView.m */ = {isa = PBXFileReference; fileEncoding = 4; lastKnownFileType = sourcecode.c.objc; name = WorkoutView.m; path = Workout/WorkoutView.m; sourceTree = "<group>"; };
		B182DACC1601C0AA0017BB8B /* WorkoutViewController.h */ = {isa = PBXFileReference; fileEncoding = 4; lastKnownFileType = sourcecode.c.h; name = WorkoutViewController.h; path = Workout/WorkoutViewController.h; sourceTree = "<group>"; };
		B182DACD1601C0AA0017BB8B /* WorkoutViewController.m */ = {isa = PBXFileReference; fileEncoding = 4; lastKnownFileType = sourcecode.c.objc; name = WorkoutViewController.m; path = Workout/WorkoutViewController.m; sourceTree = "<group>"; };
		B182DAD01601C0C40017BB8B /* HistoryView.h */ = {isa = PBXFileReference; fileEncoding = 4; lastKnownFileType = sourcecode.c.h; name = HistoryView.h; path = History/HistoryView.h; sourceTree = "<group>"; };
		B182DAD11601C0C40017BB8B /* HistoryView.m */ = {isa = PBXFileReference; fileEncoding = 4; lastKnownFileType = sourcecode.c.objc; name = HistoryView.m; path = History/HistoryView.m; sourceTree = "<group>"; };
		B182DAD21601C0C40017BB8B /* HistoryViewController.h */ = {isa = PBXFileReference; fileEncoding = 4; lastKnownFileType = sourcecode.c.h; name = HistoryViewController.h; path = History/HistoryViewController.h; sourceTree = "<group>"; };
		B182DAD31601C0C40017BB8B /* HistoryViewController.m */ = {isa = PBXFileReference; fileEncoding = 4; lastKnownFileType = sourcecode.c.objc; name = HistoryViewController.m; path = History/HistoryViewController.m; sourceTree = "<group>"; };
		B182DAD61601C0FE0017BB8B /* ProfileView.h */ = {isa = PBXFileReference; fileEncoding = 4; lastKnownFileType = sourcecode.c.h; name = ProfileView.h; path = Profile/ProfileView.h; sourceTree = "<group>"; };
		B182DAD71601C0FE0017BB8B /* ProfileView.m */ = {isa = PBXFileReference; fileEncoding = 4; lastKnownFileType = sourcecode.c.objc; name = ProfileView.m; path = Profile/ProfileView.m; sourceTree = "<group>"; };
		B182DAD81601C0FE0017BB8B /* ProfileViewController.h */ = {isa = PBXFileReference; fileEncoding = 4; lastKnownFileType = sourcecode.c.h; name = ProfileViewController.h; path = Profile/ProfileViewController.h; sourceTree = "<group>"; };
		B182DAD91601C0FE0017BB8B /* ProfileViewController.m */ = {isa = PBXFileReference; fileEncoding = 4; lastKnownFileType = sourcecode.c.objc; name = ProfileViewController.m; path = Profile/ProfileViewController.m; sourceTree = "<group>"; };
		B182DADE1601C1450017BB8B /* RoutesView.h */ = {isa = PBXFileReference; fileEncoding = 4; lastKnownFileType = sourcecode.c.h; name = RoutesView.h; path = Routes/RoutesView.h; sourceTree = "<group>"; };
		B182DADF1601C1450017BB8B /* RoutesView.m */ = {isa = PBXFileReference; fileEncoding = 4; lastKnownFileType = sourcecode.c.objc; name = RoutesView.m; path = Routes/RoutesView.m; sourceTree = "<group>"; };
		B182DAE01601C1450017BB8B /* RoutesViewController.h */ = {isa = PBXFileReference; fileEncoding = 4; lastKnownFileType = sourcecode.c.h; name = RoutesViewController.h; path = Routes/RoutesViewController.h; sourceTree = "<group>"; };
		B182DAE11601C1450017BB8B /* RoutesViewController.m */ = {isa = PBXFileReference; fileEncoding = 4; lastKnownFileType = sourcecode.c.objc; name = RoutesViewController.m; path = Routes/RoutesViewController.m; sourceTree = "<group>"; };
/* End PBXFileReference section */

/* Begin PBXFrameworksBuildPhase section */
		B114334F160133FD006B7239 /* Frameworks */ = {
			isa = PBXFrameworksBuildPhase;
			buildActionMask = 2147483647;
			files = (
				B1143357160133FD006B7239 /* UIKit.framework in Frameworks */,
				B1143359160133FD006B7239 /* Foundation.framework in Frameworks */,
				B114335B160133FD006B7239 /* CoreGraphics.framework in Frameworks */,
			);
			runOnlyForDeploymentPostprocessing = 0;
		};
/* End PBXFrameworksBuildPhase section */

/* Begin PBXGroup section */
		B1143347160133FD006B7239 = {
			isa = PBXGroup;
			children = (
				B114335C160133FD006B7239 /* Joyfl Tracker */,
				B1143355160133FD006B7239 /* Frameworks */,
				B1143353160133FD006B7239 /* Products */,
			);
			sourceTree = "<group>";
		};
		B1143353160133FD006B7239 /* Products */ = {
			isa = PBXGroup;
			children = (
				B1143352160133FD006B7239 /* Joyfl Tracker.app */,
			);
			name = Products;
			sourceTree = "<group>";
		};
		B1143355160133FD006B7239 /* Frameworks */ = {
			isa = PBXGroup;
			children = (
				B1143356160133FD006B7239 /* UIKit.framework */,
				B1143358160133FD006B7239 /* Foundation.framework */,
				B114335A160133FD006B7239 /* CoreGraphics.framework */,
			);
			name = Frameworks;
			sourceTree = "<group>";
		};
		B114335C160133FD006B7239 /* Joyfl Tracker */ = {
			isa = PBXGroup;
			children = (
				B1143365160133FD006B7239 /* AppDelegate.h */,
				B1143366160133FD006B7239 /* AppDelegate.m */,
				B114338616013BDC006B7239 /* TabBar */,
				B114337C16013958006B7239 /* Workout */,
				B114338A16013FD6006B7239 /* History */,
				B114338B16013FDF006B7239 /* Routes */,
				B114338C16013FE3006B7239 /* Profile */,
				B182DADC1601C1080017BB8B /* Resource */,
				B114335D160133FD006B7239 /* Supporting Files */,
			);
			path = "Joyfl Tracker";
			sourceTree = "<group>";
		};
		B114335D160133FD006B7239 /* Supporting Files */ = {
			isa = PBXGroup;
			children = (
				B114335E160133FD006B7239 /* Joyfl Tracker-Info.plist */,
				B114335F160133FD006B7239 /* InfoPlist.strings */,
				B1143362160133FD006B7239 /* main.m */,
				B1143364160133FD006B7239 /* Joyfl Tracker-Prefix.pch */,
			);
			name = "Supporting Files";
			sourceTree = "<group>";
		};
		B114337C16013958006B7239 /* Workout */ = {
			isa = PBXGroup;
			children = (
				B182DACA1601C0AA0017BB8B /* WorkoutView.h */,
				B182DACB1601C0AA0017BB8B /* WorkoutView.m */,
				B182DACC1601C0AA0017BB8B /* WorkoutViewController.h */,
				B182DACD1601C0AA0017BB8B /* WorkoutViewController.m */,
			);
			name = Workout;
			sourceTree = "<group>";
		};
		B114338616013BDC006B7239 /* TabBar */ = {
			isa = PBXGroup;
			children = (
				B182DAC61601C09E0017BB8B /* TabBarController.h */,
				B182DAC71601C09E0017BB8B /* TabBarController.m */,
			);
			name = TabBar;
			sourceTree = "<group>";
		};
		B114338A16013FD6006B7239 /* History */ = {
			isa = PBXGroup;
			children = (
				B182DAD01601C0C40017BB8B /* HistoryView.h */,
				B182DAD11601C0C40017BB8B /* HistoryView.m */,
				B182DAD21601C0C40017BB8B /* HistoryViewController.h */,
				B182DAD31601C0C40017BB8B /* HistoryViewController.m */,
			);
			name = History;
			sourceTree = "<group>";
		};
		B114338B16013FDF006B7239 /* Routes */ = {
			isa = PBXGroup;
			children = (
				B182DADE1601C1450017BB8B /* RoutesView.h */,
				B182DADF1601C1450017BB8B /* RoutesView.m */,
				B182DAE01601C1450017BB8B /* RoutesViewController.h */,
				B182DAE11601C1450017BB8B /* RoutesViewController.m */,
			);
			name = Routes;
			sourceTree = "<group>";
		};
		B114338C16013FE3006B7239 /* Profile */ = {
			isa = PBXGroup;
			children = (
				B182DAD61601C0FE0017BB8B /* ProfileView.h */,
				B182DAD71601C0FE0017BB8B /* ProfileView.m */,
				B182DAD81601C0FE0017BB8B /* ProfileViewController.h */,
				B182DAD91601C0FE0017BB8B /* ProfileViewController.m */,
			);
			name = Profile;
			sourceTree = "<group>";
		};
		B182DADC1601C1080017BB8B /* Resource */ = {
			isa = PBXGroup;
			children = (
				B182DADD1601C1140017BB8B /* Image */,
			);
			name = Resource;
			sourceTree = "<group>";
		};
		B182DADD1601C1140017BB8B /* Image */ = {
			isa = PBXGroup;
			children = (
				B11433A716014925006B7239 /* run.png */,
			);
			name = Image;
			sourceTree = "<group>";
		};
/* End PBXGroup section */

/* Begin PBXNativeTarget section */
		B1143351160133FD006B7239 /* Joyfl Tracker */ = {
			isa = PBXNativeTarget;
			buildConfigurationList = B114336A160133FD006B7239 /* Build configuration list for PBXNativeTarget "Joyfl Tracker" */;
			buildPhases = (
				B114334E160133FD006B7239 /* Sources */,
				B114334F160133FD006B7239 /* Frameworks */,
				B1143350160133FD006B7239 /* Resources */,
			);
			buildRules = (
			);
			dependencies = (
			);
			name = "Joyfl Tracker";
			productName = "Joyfl Tracker";
			productReference = B1143352160133FD006B7239 /* Joyfl Tracker.app */;
			productType = "com.apple.product-type.application";
		};
/* End PBXNativeTarget section */

/* Begin PBXProject section */
		B1143349160133FD006B7239 /* Project object */ = {
			isa = PBXProject;
			attributes = {
				CLASSPREFIX = Tracker;
				LastUpgradeCheck = 0430;
				ORGANIZATIONNAME = "연세대학교";
			};
			buildConfigurationList = B114334C160133FD006B7239 /* Build configuration list for PBXProject "Joyfl Tracker" */;
			compatibilityVersion = "Xcode 3.2";
			developmentRegion = English;
			hasScannedForEncodings = 0;
			knownRegions = (
				en,
			);
			mainGroup = B1143347160133FD006B7239;
			productRefGroup = B1143353160133FD006B7239 /* Products */;
			projectDirPath = "";
			projectRoot = "";
			targets = (
				B1143351160133FD006B7239 /* Joyfl Tracker */,
			);
		};
/* End PBXProject section */

/* Begin PBXResourcesBuildPhase section */
		B1143350160133FD006B7239 /* Resources */ = {
			isa = PBXResourcesBuildPhase;
			buildActionMask = 2147483647;
			files = (
				B1143361160133FD006B7239 /* InfoPlist.strings in Resources */,
				B11433A816014925006B7239 /* run.png in Resources */,
			);
			runOnlyForDeploymentPostprocessing = 0;
		};
/* End PBXResourcesBuildPhase section */

/* Begin PBXSourcesBuildPhase section */
		B114334E160133FD006B7239 /* Sources */ = {
			isa = PBXSourcesBuildPhase;
			buildActionMask = 2147483647;
			files = (
				B1143363160133FD006B7239 /* main.m in Sources */,
				B1143367160133FD006B7239 /* AppDelegate.m in Sources */,
				B182DAC81601C09E0017BB8B /* TabBarController.m in Sources */,
				B182DACE1601C0AA0017BB8B /* WorkoutView.m in Sources */,
				B182DACF1601C0AA0017BB8B /* WorkoutViewController.m in Sources */,
				B182DAD41601C0C40017BB8B /* HistoryView.m in Sources */,
				B182DAD51601C0C40017BB8B /* HistoryViewController.m in Sources */,
				B182DADA1601C0FE0017BB8B /* ProfileView.m in Sources */,
				B182DADB1601C0FE0017BB8B /* ProfileViewController.m in Sources */,
				B182DAE21601C1450017BB8B /* RoutesView.m in Sources */,
				B182DAE31601C1450017BB8B /* RoutesViewController.m in Sources */,
			);
			runOnlyForDeploymentPostprocessing = 0;
		};
/* End PBXSourcesBuildPhase section */

/* Begin PBXVariantGroup section */
		B114335F160133FD006B7239 /* InfoPlist.strings */ = {
			isa = PBXVariantGroup;
			children = (
				B1143360160133FD006B7239 /* en */,
			);
			name = InfoPlist.strings;
			sourceTree = "<group>";
		};
/* End PBXVariantGroup section */

/* Begin XCBuildConfiguration section */
		B1143368160133FD006B7239 /* Debug */ = {
			isa = XCBuildConfiguration;
			buildSettings = {
				ALWAYS_SEARCH_USER_PATHS = NO;
				ARCHS = "$(ARCHS_STANDARD_32_BIT)";
				"CODE_SIGN_IDENTITY[sdk=iphoneos*]" = "iPhone Developer";
				COPY_PHASE_STRIP = NO;
				GCC_C_LANGUAGE_STANDARD = gnu99;
				GCC_DYNAMIC_NO_PIC = NO;
				GCC_OPTIMIZATION_LEVEL = 0;
				GCC_PREPROCESSOR_DEFINITIONS = (
					"DEBUG=1",
					"$(inherited)",
				);
				GCC_SYMBOLS_PRIVATE_EXTERN = NO;
				GCC_VERSION = com.apple.compilers.llvm.clang.1_0;
				GCC_WARN_ABOUT_RETURN_TYPE = YES;
				GCC_WARN_UNINITIALIZED_AUTOS = YES;
				GCC_WARN_UNUSED_VARIABLE = YES;
				IPHONEOS_DEPLOYMENT_TARGET = 5.1;
				SDKROOT = iphoneos;
			};
			name = Debug;
		};
		B1143369160133FD006B7239 /* Release */ = {
			isa = XCBuildConfiguration;
			buildSettings = {
				ALWAYS_SEARCH_USER_PATHS = NO;
				ARCHS = "$(ARCHS_STANDARD_32_BIT)";
				"CODE_SIGN_IDENTITY[sdk=iphoneos*]" = "iPhone Developer";
				COPY_PHASE_STRIP = YES;
				GCC_C_LANGUAGE_STANDARD = gnu99;
				GCC_VERSION = com.apple.compilers.llvm.clang.1_0;
				GCC_WARN_ABOUT_RETURN_TYPE = YES;
				GCC_WARN_UNINITIALIZED_AUTOS = YES;
				GCC_WARN_UNUSED_VARIABLE = YES;
				IPHONEOS_DEPLOYMENT_TARGET = 5.1;
				OTHER_CFLAGS = "-DNS_BLOCK_ASSERTIONS=1";
				SDKROOT = iphoneos;
				VALIDATE_PRODUCT = YES;
			};
			name = Release;
		};
		B114336B160133FD006B7239 /* Debug */ = {
			isa = XCBuildConfiguration;
			buildSettings = {
				GCC_PRECOMPILE_PREFIX_HEADER = YES;
				GCC_PREFIX_HEADER = "Joyfl Tracker/Joyfl Tracker-Prefix.pch";
				INFOPLIST_FILE = "Joyfl Tracker/Joyfl Tracker-Info.plist";
				PRODUCT_NAME = "$(TARGET_NAME)";
				WRAPPER_EXTENSION = app;
			};
			name = Debug;
		};
		B114336C160133FD006B7239 /* Release */ = {
			isa = XCBuildConfiguration;
			buildSettings = {
				GCC_PRECOMPILE_PREFIX_HEADER = YES;
				GCC_PREFIX_HEADER = "Joyfl Tracker/Joyfl Tracker-Prefix.pch";
				INFOPLIST_FILE = "Joyfl Tracker/Joyfl Tracker-Info.plist";
				PRODUCT_NAME = "$(TARGET_NAME)";
				WRAPPER_EXTENSION = app;
			};
			name = Release;
		};
/* End XCBuildConfiguration section */

/* Begin XCConfigurationList section */
		B114334C160133FD006B7239 /* Build configuration list for PBXProject "Joyfl Tracker" */ = {
			isa = XCConfigurationList;
			buildConfigurations = (
				B1143368160133FD006B7239 /* Debug */,
				B1143369160133FD006B7239 /* Release */,
			);
			defaultConfigurationIsVisible = 0;
			defaultConfigurationName = Release;
		};
		B114336A160133FD006B7239 /* Build configuration list for PBXNativeTarget "Joyfl Tracker" */ = {
			isa = XCConfigurationList;
			buildConfigurations = (
				B114336B160133FD006B7239 /* Debug */,
				B114336C160133FD006B7239 /* Release */,
			);
			defaultConfigurationIsVisible = 0;
			defaultConfigurationName = Release;
		};
/* End XCConfigurationList section */
	};
	rootObject = B1143349160133FD006B7239 /* Project object */;
}
