// !$*UTF8*$!
{
	archiveVersion = 1;
	classes = {
	};
	objectVersion = 46;
	objects = {

/* Begin PBXBuildFile section */
		B10847C7160A7DA6003939C3 /* Icon.png in Resources */ = {isa = PBXBuildFile; fileRef = B10847C4160A7DA6003939C3 /* Icon.png */; };
		B10847C8160A7DA6003939C3 /* Icon@2x.png in Resources */ = {isa = PBXBuildFile; fileRef = B10847C5160A7DA6003939C3 /* Icon@2x.png */; };
		B1143357160133FD006B7239 /* UIKit.framework in Frameworks */ = {isa = PBXBuildFile; fileRef = B1143356160133FD006B7239 /* UIKit.framework */; };
		B1143359160133FD006B7239 /* Foundation.framework in Frameworks */ = {isa = PBXBuildFile; fileRef = B1143358160133FD006B7239 /* Foundation.framework */; };
		B114335B160133FD006B7239 /* CoreGraphics.framework in Frameworks */ = {isa = PBXBuildFile; fileRef = B114335A160133FD006B7239 /* CoreGraphics.framework */; };
		B1143361160133FD006B7239 /* InfoPlist.strings in Resources */ = {isa = PBXBuildFile; fileRef = B114335F160133FD006B7239 /* InfoPlist.strings */; };
		B1143363160133FD006B7239 /* main.m in Sources */ = {isa = PBXBuildFile; fileRef = B1143362160133FD006B7239 /* main.m */; };
		B1143367160133FD006B7239 /* AppDelegate.m in Sources */ = {isa = PBXBuildFile; fileRef = B1143366160133FD006B7239 /* AppDelegate.m */; };
		B114BDD8162A3F750072B6B1 /* TypeCyclingIcon.png in Resources */ = {isa = PBXBuildFile; fileRef = B114BDD4162A3F750072B6B1 /* TypeCyclingIcon.png */; };
		B114BDD9162A3F750072B6B1 /* TypeOtherIcon.png in Resources */ = {isa = PBXBuildFile; fileRef = B114BDD5162A3F750072B6B1 /* TypeOtherIcon.png */; };
		B114BDDA162A3F750072B6B1 /* TypeRunningIcon.png in Resources */ = {isa = PBXBuildFile; fileRef = B114BDD6162A3F750072B6B1 /* TypeRunningIcon.png */; };
		B114BDDB162A3F750072B6B1 /* TypeWalkingIcon.png in Resources */ = {isa = PBXBuildFile; fileRef = B114BDD7162A3F750072B6B1 /* TypeWalkingIcon.png */; };
		B1195D2A161A051400C5F9F3 /* CoreLocation.framework in Frameworks */ = {isa = PBXBuildFile; fileRef = B1195D29161A051400C5F9F3 /* CoreLocation.framework */; };
		B1195D2E161A0EA200C5F9F3 /* WorkoutModel.m in Sources */ = {isa = PBXBuildFile; fileRef = B1195D2D161A0EA200C5F9F3 /* WorkoutModel.m */; };
		B11F08631620180400E2DD89 /* WorkoutReadyViewController.m in Sources */ = {isa = PBXBuildFile; fileRef = B11F085D1620180400E2DD89 /* WorkoutReadyViewController.m */; };
		B11F08641620180400E2DD89 /* WorkoutSelectionView.m in Sources */ = {isa = PBXBuildFile; fileRef = B11F085F1620180400E2DD89 /* WorkoutSelectionView.m */; };
		B11F08651620180400E2DD89 /* WorkoutTrackingViewController.m in Sources */ = {isa = PBXBuildFile; fileRef = B11F08611620180400E2DD89 /* WorkoutTrackingViewController.m */; };
		B11F086D1620181A00E2DD89 /* HistoryDetailViewController.m in Sources */ = {isa = PBXBuildFile; fileRef = B11F08691620181A00E2DD89 /* HistoryDetailViewController.m */; };
		B11F086E1620181A00E2DD89 /* HistoryListViewController.m in Sources */ = {isa = PBXBuildFile; fileRef = B11F086B1620181A00E2DD89 /* HistoryListViewController.m */; };
		B11F08711620184400E2DD89 /* Common.m in Sources */ = {isa = PBXBuildFile; fileRef = B11F08701620184300E2DD89 /* Common.m */; };
		B13CE188161139AB00D0EF59 /* TypeHiking.png in Resources */ = {isa = PBXBuildFile; fileRef = B13CE187161139AB00D0EF59 /* TypeHiking.png */; };
		B13CE18A16113AC400D0EF59 /* TypeCycling.png in Resources */ = {isa = PBXBuildFile; fileRef = B13CE18916113AC400D0EF59 /* TypeCycling.png */; };
		B13CE18C16113C2B00D0EF59 /* TypeSkiing.png in Resources */ = {isa = PBXBuildFile; fileRef = B13CE18B16113C2B00D0EF59 /* TypeSkiing.png */; };
		B13CE18E1611417F00D0EF59 /* TypeSkating.png in Resources */ = {isa = PBXBuildFile; fileRef = B13CE18D1611417F00D0EF59 /* TypeSkating.png */; };
		B13CE190161141E100D0EF59 /* TypeOther.png in Resources */ = {isa = PBXBuildFile; fileRef = B13CE18F161141E100D0EF59 /* TypeOther.png */; };
		B16A74541626950B001A272C /* ProfileViewController.m in Sources */ = {isa = PBXBuildFile; fileRef = B16A74531626950B001A272C /* ProfileViewController.m */; };
		B18C1DB91613079D00B70ABA /* MapKit.framework in Frameworks */ = {isa = PBXBuildFile; fileRef = B18C1DB81613079D00B70ABA /* MapKit.framework */; };
		B18C1DBB16130AA000B70ABA /* WorkoutSignalImage.png in Resources */ = {isa = PBXBuildFile; fileRef = B18C1DBA16130AA000B70ABA /* WorkoutSignalImage.png */; };
		B197B7D316112F3100B35C52 /* TabBarBackground.png in Resources */ = {isa = PBXBuildFile; fileRef = B197B7C216112F3100B35C52 /* TabBarBackground.png */; };
		B197B7D416112F3100B35C52 /* TabBarItemHistory.png in Resources */ = {isa = PBXBuildFile; fileRef = B197B7C316112F3100B35C52 /* TabBarItemHistory.png */; };
		B197B7D516112F3100B35C52 /* TabBarItemNearby.png in Resources */ = {isa = PBXBuildFile; fileRef = B197B7C416112F3100B35C52 /* TabBarItemNearby.png */; };
		B197B7D616112F3100B35C52 /* TabBarItemProfile.png in Resources */ = {isa = PBXBuildFile; fileRef = B197B7C516112F3100B35C52 /* TabBarItemProfile.png */; };
		B197B7D716112F3100B35C52 /* TabBarSelected.png in Resources */ = {isa = PBXBuildFile; fileRef = B197B7C616112F3100B35C52 /* TabBarSelected.png */; };
		B197B7D816112F3100B35C52 /* TabBarItemWorkout.png in Resources */ = {isa = PBXBuildFile; fileRef = B197B7C716112F3100B35C52 /* TabBarItemWorkout.png */; };
		B197B7D916112F3100B35C52 /* TypeRunning.png in Resources */ = {isa = PBXBuildFile; fileRef = B197B7C916112F3100B35C52 /* TypeRunning.png */; };
		B197B7DA16112F3100B35C52 /* TypeWalking.png in Resources */ = {isa = PBXBuildFile; fileRef = B197B7CA16112F3100B35C52 /* TypeWalking.png */; };
		B197B7DB16112F3100B35C52 /* WorkoutStartButton.png in Resources */ = {isa = PBXBuildFile; fileRef = B197B7CC16112F3100B35C52 /* WorkoutStartButton.png */; };
		B197B7DC16112F3100B35C52 /* WorkoutStartButton@2x.png in Resources */ = {isa = PBXBuildFile; fileRef = B197B7CD16112F3100B35C52 /* WorkoutStartButton@2x.png */; };
		B197B7DD16112F3100B35C52 /* WorkoutStartButtonHighlighted.png in Resources */ = {isa = PBXBuildFile; fileRef = B197B7CE16112F3100B35C52 /* WorkoutStartButtonHighlighted.png */; };
		B197B7DE16112F3100B35C52 /* WorkoutStartButtonHighlighted@2x.png in Resources */ = {isa = PBXBuildFile; fileRef = B197B7CF16112F3100B35C52 /* WorkoutStartButtonHighlighted@2x.png */; };
		B197B7E1161133A800B35C52 /* WorkoutBackground.jpg in Resources */ = {isa = PBXBuildFile; fileRef = B197B7E0161133A800B35C52 /* WorkoutBackground.jpg */; };
		B1A268321610FB4400BACBBF /* Localizable.strings in Resources */ = {isa = PBXBuildFile; fileRef = B1A268341610FB4400BACBBF /* Localizable.strings */; };
		B1A2684116110E2200BACBBF /* WorkoutTypeModel.m in Sources */ = {isa = PBXBuildFile; fileRef = B1A2684016110E2200BACBBF /* WorkoutTypeModel.m */; };
		B1DC1BDD162BF3B800636647 /* ProfileManager.m in Sources */ = {isa = PBXBuildFile; fileRef = B1DC1BDC162BF3B800636647 /* ProfileManager.m */; };
		B1DDAA781625D2E800E3B358 /* WorkoutTypeManager.m in Sources */ = {isa = PBXBuildFile; fileRef = B1DDAA771625D2E800E3B358 /* WorkoutTypeManager.m */; };
		B1EB4EB71625D72600981D39 /* WorkoutEndViewController.m in Sources */ = {isa = PBXBuildFile; fileRef = B1EB4EB61625D72600981D39 /* WorkoutEndViewController.m */; };
		B1F1A9801638461A0043292D /* WorkoutManager.m in Sources */ = {isa = PBXBuildFile; fileRef = B1F1A97F1638461A0043292D /* WorkoutManager.m */; };
/* End PBXBuildFile section */

/* Begin PBXFileReference section */
		B10847C4160A7DA6003939C3 /* Icon.png */ = {isa = PBXFileReference; lastKnownFileType = image.png; name = Icon.png; path = Resource/Icon/Icon.png; sourceTree = "<group>"; };
		B10847C5160A7DA6003939C3 /* Icon@2x.png */ = {isa = PBXFileReference; lastKnownFileType = image.png; name = "Icon@2x.png"; path = "Resource/Icon/Icon@2x.png"; sourceTree = "<group>"; };
		B1143352160133FD006B7239 /* Joyfl Tracker.app */ = {isa = PBXFileReference; explicitFileType = wrapper.application; includeInIndex = 0; path = "Joyfl Tracker.app"; sourceTree = BUILT_PRODUCTS_DIR; };
		B1143356160133FD006B7239 /* UIKit.framework */ = {isa = PBXFileReference; lastKnownFileType = wrapper.framework; name = UIKit.framework; path = System/Library/Frameworks/UIKit.framework; sourceTree = SDKROOT; };
		B1143358160133FD006B7239 /* Foundation.framework */ = {isa = PBXFileReference; lastKnownFileType = wrapper.framework; name = Foundation.framework; path = System/Library/Frameworks/Foundation.framework; sourceTree = SDKROOT; };
		B114335A160133FD006B7239 /* CoreGraphics.framework */ = {isa = PBXFileReference; lastKnownFileType = wrapper.framework; name = CoreGraphics.framework; path = System/Library/Frameworks/CoreGraphics.framework; sourceTree = SDKROOT; };
		B114335E160133FD006B7239 /* Joyfl Tracker-Info.plist */ = {isa = PBXFileReference; lastKnownFileType = text.plist.xml; path = "Joyfl Tracker-Info.plist"; sourceTree = "<group>"; };
		B1143360160133FD006B7239 /* en */ = {isa = PBXFileReference; lastKnownFileType = text.plist.strings; name = en; path = en.lproj/InfoPlist.strings; sourceTree = "<group>"; };
		B1143362160133FD006B7239 /* main.m */ = {isa = PBXFileReference; lastKnownFileType = sourcecode.c.objc; path = main.m; sourceTree = "<group>"; };
		B1143364160133FD006B7239 /* Joyfl Tracker-Prefix.pch */ = {isa = PBXFileReference; lastKnownFileType = sourcecode.c.h; path = "Joyfl Tracker-Prefix.pch"; sourceTree = "<group>"; };
		B1143365160133FD006B7239 /* AppDelegate.h */ = {isa = PBXFileReference; lastKnownFileType = sourcecode.c.h; path = AppDelegate.h; sourceTree = "<group>"; };
		B1143366160133FD006B7239 /* AppDelegate.m */ = {isa = PBXFileReference; lastKnownFileType = sourcecode.c.objc; path = AppDelegate.m; sourceTree = "<group>"; };
		B114BDD4162A3F750072B6B1 /* TypeCyclingIcon.png */ = {isa = PBXFileReference; lastKnownFileType = image.png; path = TypeCyclingIcon.png; sourceTree = "<group>"; };
		B114BDD5162A3F750072B6B1 /* TypeOtherIcon.png */ = {isa = PBXFileReference; lastKnownFileType = image.png; path = TypeOtherIcon.png; sourceTree = "<group>"; };
		B114BDD6162A3F750072B6B1 /* TypeRunningIcon.png */ = {isa = PBXFileReference; lastKnownFileType = image.png; path = TypeRunningIcon.png; sourceTree = "<group>"; };
		B114BDD7162A3F750072B6B1 /* TypeWalkingIcon.png */ = {isa = PBXFileReference; lastKnownFileType = image.png; path = TypeWalkingIcon.png; sourceTree = "<group>"; };
		B1195D29161A051400C5F9F3 /* CoreLocation.framework */ = {isa = PBXFileReference; lastKnownFileType = wrapper.framework; name = CoreLocation.framework; path = System/Library/Frameworks/CoreLocation.framework; sourceTree = SDKROOT; };
		B1195D2C161A0EA200C5F9F3 /* WorkoutModel.h */ = {isa = PBXFileReference; fileEncoding = 4; lastKnownFileType = sourcecode.c.h; name = WorkoutModel.h; path = Models/WorkoutModel.h; sourceTree = "<group>"; };
		B1195D2D161A0EA200C5F9F3 /* WorkoutModel.m */ = {isa = PBXFileReference; fileEncoding = 4; lastKnownFileType = sourcecode.c.objc; name = WorkoutModel.m; path = Models/WorkoutModel.m; sourceTree = "<group>"; };
		B11F085C1620180400E2DD89 /* WorkoutReadyViewController.h */ = {isa = PBXFileReference; fileEncoding = 4; lastKnownFileType = sourcecode.c.h; name = WorkoutReadyViewController.h; path = "Views and Controllers/Workout/WorkoutReadyViewController.h"; sourceTree = "<group>"; };
		B11F085D1620180400E2DD89 /* WorkoutReadyViewController.m */ = {isa = PBXFileReference; fileEncoding = 4; lastKnownFileType = sourcecode.c.objc; name = WorkoutReadyViewController.m; path = "Views and Controllers/Workout/WorkoutReadyViewController.m"; sourceTree = "<group>"; };
		B11F085E1620180400E2DD89 /* WorkoutSelectionView.h */ = {isa = PBXFileReference; fileEncoding = 4; lastKnownFileType = sourcecode.c.h; name = WorkoutSelectionView.h; path = "Views and Controllers/Workout/WorkoutSelectionView.h"; sourceTree = "<group>"; };
		B11F085F1620180400E2DD89 /* WorkoutSelectionView.m */ = {isa = PBXFileReference; fileEncoding = 4; lastKnownFileType = sourcecode.c.objc; name = WorkoutSelectionView.m; path = "Views and Controllers/Workout/WorkoutSelectionView.m"; sourceTree = "<group>"; };
		B11F08601620180400E2DD89 /* WorkoutTrackingViewController.h */ = {isa = PBXFileReference; fileEncoding = 4; lastKnownFileType = sourcecode.c.h; name = WorkoutTrackingViewController.h; path = "Views and Controllers/Workout/WorkoutTrackingViewController.h"; sourceTree = "<group>"; };
		B11F08611620180400E2DD89 /* WorkoutTrackingViewController.m */ = {isa = PBXFileReference; fileEncoding = 4; lastKnownFileType = sourcecode.c.objc; name = WorkoutTrackingViewController.m; path = "Views and Controllers/Workout/WorkoutTrackingViewController.m"; sourceTree = "<group>"; };
		B11F08681620181A00E2DD89 /* HistoryDetailViewController.h */ = {isa = PBXFileReference; fileEncoding = 4; lastKnownFileType = sourcecode.c.h; name = HistoryDetailViewController.h; path = "Views and Controllers/History/HistoryDetailViewController.h"; sourceTree = "<group>"; };
		B11F08691620181A00E2DD89 /* HistoryDetailViewController.m */ = {isa = PBXFileReference; fileEncoding = 4; lastKnownFileType = sourcecode.c.objc; name = HistoryDetailViewController.m; path = "Views and Controllers/History/HistoryDetailViewController.m"; sourceTree = "<group>"; };
		B11F086A1620181A00E2DD89 /* HistoryListViewController.h */ = {isa = PBXFileReference; fileEncoding = 4; lastKnownFileType = sourcecode.c.h; name = HistoryListViewController.h; path = "Views and Controllers/History/HistoryListViewController.h"; sourceTree = "<group>"; };
		B11F086B1620181A00E2DD89 /* HistoryListViewController.m */ = {isa = PBXFileReference; fileEncoding = 4; lastKnownFileType = sourcecode.c.objc; name = HistoryListViewController.m; path = "Views and Controllers/History/HistoryListViewController.m"; sourceTree = "<group>"; };
		B11F086F1620184300E2DD89 /* Common.h */ = {isa = PBXFileReference; fileEncoding = 4; lastKnownFileType = sourcecode.c.h; path = Common.h; sourceTree = "<group>"; };
		B11F08701620184300E2DD89 /* Common.m */ = {isa = PBXFileReference; fileEncoding = 4; lastKnownFileType = sourcecode.c.objc; path = Common.m; sourceTree = "<group>"; };
		B13CE187161139AB00D0EF59 /* TypeHiking.png */ = {isa = PBXFileReference; lastKnownFileType = image.png; path = TypeHiking.png; sourceTree = "<group>"; };
		B13CE18916113AC400D0EF59 /* TypeCycling.png */ = {isa = PBXFileReference; lastKnownFileType = image.png; path = TypeCycling.png; sourceTree = "<group>"; };
		B13CE18B16113C2B00D0EF59 /* TypeSkiing.png */ = {isa = PBXFileReference; lastKnownFileType = image.png; path = TypeSkiing.png; sourceTree = "<group>"; };
		B13CE18D1611417F00D0EF59 /* TypeSkating.png */ = {isa = PBXFileReference; lastKnownFileType = image.png; path = TypeSkating.png; sourceTree = "<group>"; };
		B13CE18F161141E100D0EF59 /* TypeOther.png */ = {isa = PBXFileReference; lastKnownFileType = image.png; path = TypeOther.png; sourceTree = "<group>"; };
		B16A74521626950B001A272C /* ProfileViewController.h */ = {isa = PBXFileReference; fileEncoding = 4; lastKnownFileType = sourcecode.c.h; name = ProfileViewController.h; path = "Views and Controllers/Profile/ProfileViewController.h"; sourceTree = "<group>"; };
		B16A74531626950B001A272C /* ProfileViewController.m */ = {isa = PBXFileReference; fileEncoding = 4; lastKnownFileType = sourcecode.c.objc; name = ProfileViewController.m; path = "Views and Controllers/Profile/ProfileViewController.m"; sourceTree = "<group>"; };
		B18C1DB81613079D00B70ABA /* MapKit.framework */ = {isa = PBXFileReference; lastKnownFileType = wrapper.framework; name = MapKit.framework; path = System/Library/Frameworks/MapKit.framework; sourceTree = SDKROOT; };
		B18C1DBA16130AA000B70ABA /* WorkoutSignalImage.png */ = {isa = PBXFileReference; lastKnownFileType = image.png; path = WorkoutSignalImage.png; sourceTree = "<group>"; };
		B197B7C216112F3100B35C52 /* TabBarBackground.png */ = {isa = PBXFileReference; lastKnownFileType = image.png; path = TabBarBackground.png; sourceTree = "<group>"; };
		B197B7C316112F3100B35C52 /* TabBarItemHistory.png */ = {isa = PBXFileReference; lastKnownFileType = image.png; path = TabBarItemHistory.png; sourceTree = "<group>"; };
		B197B7C416112F3100B35C52 /* TabBarItemNearby.png */ = {isa = PBXFileReference; lastKnownFileType = image.png; path = TabBarItemNearby.png; sourceTree = "<group>"; };
		B197B7C516112F3100B35C52 /* TabBarItemProfile.png */ = {isa = PBXFileReference; lastKnownFileType = image.png; path = TabBarItemProfile.png; sourceTree = "<group>"; };
		B197B7C616112F3100B35C52 /* TabBarSelected.png */ = {isa = PBXFileReference; lastKnownFileType = image.png; path = TabBarSelected.png; sourceTree = "<group>"; };
		B197B7C716112F3100B35C52 /* TabBarItemWorkout.png */ = {isa = PBXFileReference; lastKnownFileType = image.png; path = TabBarItemWorkout.png; sourceTree = "<group>"; };
		B197B7C916112F3100B35C52 /* TypeRunning.png */ = {isa = PBXFileReference; lastKnownFileType = image.png; path = TypeRunning.png; sourceTree = "<group>"; };
		B197B7CA16112F3100B35C52 /* TypeWalking.png */ = {isa = PBXFileReference; lastKnownFileType = image.png; path = TypeWalking.png; sourceTree = "<group>"; };
		B197B7CC16112F3100B35C52 /* WorkoutStartButton.png */ = {isa = PBXFileReference; lastKnownFileType = image.png; path = WorkoutStartButton.png; sourceTree = "<group>"; };
		B197B7CD16112F3100B35C52 /* WorkoutStartButton@2x.png */ = {isa = PBXFileReference; lastKnownFileType = image.png; path = "WorkoutStartButton@2x.png"; sourceTree = "<group>"; };
		B197B7CE16112F3100B35C52 /* WorkoutStartButtonHighlighted.png */ = {isa = PBXFileReference; lastKnownFileType = image.png; path = WorkoutStartButtonHighlighted.png; sourceTree = "<group>"; };
		B197B7CF16112F3100B35C52 /* WorkoutStartButtonHighlighted@2x.png */ = {isa = PBXFileReference; lastKnownFileType = image.png; path = "WorkoutStartButtonHighlighted@2x.png"; sourceTree = "<group>"; };
		B197B7E0161133A800B35C52 /* WorkoutBackground.jpg */ = {isa = PBXFileReference; lastKnownFileType = image.jpeg; path = WorkoutBackground.jpg; sourceTree = "<group>"; };
		B1A268331610FB4400BACBBF /* en */ = {isa = PBXFileReference; lastKnownFileType = text.plist.strings; name = en; path = en.lproj/Localizable.strings; sourceTree = "<group>"; };
		B1A2683F16110E2200BACBBF /* WorkoutTypeModel.h */ = {isa = PBXFileReference; fileEncoding = 4; lastKnownFileType = sourcecode.c.h; name = WorkoutTypeModel.h; path = Models/WorkoutTypeModel.h; sourceTree = "<group>"; };
		B1A2684016110E2200BACBBF /* WorkoutTypeModel.m */ = {isa = PBXFileReference; fileEncoding = 4; lastKnownFileType = sourcecode.c.objc; name = WorkoutTypeModel.m; path = Models/WorkoutTypeModel.m; sourceTree = "<group>"; };
		B1DC1BDB162BF3B800636647 /* ProfileManager.h */ = {isa = PBXFileReference; fileEncoding = 4; lastKnownFileType = sourcecode.c.h; name = ProfileManager.h; path = Models/ProfileManager.h; sourceTree = "<group>"; };
		B1DC1BDC162BF3B800636647 /* ProfileManager.m */ = {isa = PBXFileReference; fileEncoding = 4; lastKnownFileType = sourcecode.c.objc; name = ProfileManager.m; path = Models/ProfileManager.m; sourceTree = "<group>"; };
		B1DDAA761625D2E800E3B358 /* WorkoutTypeManager.h */ = {isa = PBXFileReference; fileEncoding = 4; lastKnownFileType = sourcecode.c.h; name = WorkoutTypeManager.h; path = Models/WorkoutTypeManager.h; sourceTree = "<group>"; };
		B1DDAA771625D2E800E3B358 /* WorkoutTypeManager.m */ = {isa = PBXFileReference; fileEncoding = 4; lastKnownFileType = sourcecode.c.objc; name = WorkoutTypeManager.m; path = Models/WorkoutTypeManager.m; sourceTree = "<group>"; };
		B1EB4EB51625D72600981D39 /* WorkoutEndViewController.h */ = {isa = PBXFileReference; fileEncoding = 4; lastKnownFileType = sourcecode.c.h; name = WorkoutEndViewController.h; path = "Views and Controllers/Workout/WorkoutEndViewController.h"; sourceTree = "<group>"; };
		B1EB4EB61625D72600981D39 /* WorkoutEndViewController.m */ = {isa = PBXFileReference; fileEncoding = 4; lastKnownFileType = sourcecode.c.objc; name = WorkoutEndViewController.m; path = "Views and Controllers/Workout/WorkoutEndViewController.m"; sourceTree = "<group>"; };
		B1F1A97E1638461A0043292D /* WorkoutManager.h */ = {isa = PBXFileReference; fileEncoding = 4; lastKnownFileType = sourcecode.c.h; name = WorkoutManager.h; path = Models/WorkoutManager.h; sourceTree = "<group>"; };
		B1F1A97F1638461A0043292D /* WorkoutManager.m */ = {isa = PBXFileReference; fileEncoding = 4; lastKnownFileType = sourcecode.c.objc; name = WorkoutManager.m; path = Models/WorkoutManager.m; sourceTree = "<group>"; };
/* End PBXFileReference section */

/* Begin PBXFrameworksBuildPhase section */
		B114334F160133FD006B7239 /* Frameworks */ = {
			isa = PBXFrameworksBuildPhase;
			buildActionMask = 2147483647;
			files = (
				B1195D2A161A051400C5F9F3 /* CoreLocation.framework in Frameworks */,
				B18C1DB91613079D00B70ABA /* MapKit.framework in Frameworks */,
				B1143357160133FD006B7239 /* UIKit.framework in Frameworks */,
				B1143359160133FD006B7239 /* Foundation.framework in Frameworks */,
				B114335B160133FD006B7239 /* CoreGraphics.framework in Frameworks */,
			);
			runOnlyForDeploymentPostprocessing = 0;
		};
/* End PBXFrameworksBuildPhase section */

/* Begin PBXGroup section */
		B10847C2160A7DA0003939C3 /* Icon */ = {
			isa = PBXGroup;
			children = (
				B10847C4160A7DA6003939C3 /* Icon.png */,
				B10847C5160A7DA6003939C3 /* Icon@2x.png */,
			);
			name = Icon;
			sourceTree = "<group>";
		};
		B1143347160133FD006B7239 = {
			isa = PBXGroup;
			children = (
				B114335C160133FD006B7239 /* Joyfl Tracker */,
				B1143355160133FD006B7239 /* Frameworks */,
				B1143353160133FD006B7239 /* Products */,
			);
			sourceTree = "<group>";
		};
		B1143353160133FD006B7239 /* Products */ = {
			isa = PBXGroup;
			children = (
				B1143352160133FD006B7239 /* Joyfl Tracker.app */,
			);
			name = Products;
			sourceTree = "<group>";
		};
		B1143355160133FD006B7239 /* Frameworks */ = {
			isa = PBXGroup;
			children = (
				B1195D29161A051400C5F9F3 /* CoreLocation.framework */,
				B18C1DB81613079D00B70ABA /* MapKit.framework */,
				B1143356160133FD006B7239 /* UIKit.framework */,
				B1143358160133FD006B7239 /* Foundation.framework */,
				B114335A160133FD006B7239 /* CoreGraphics.framework */,
			);
			name = Frameworks;
			sourceTree = "<group>";
		};
		B114335C160133FD006B7239 /* Joyfl Tracker */ = {
			isa = PBXGroup;
			children = (
				B1143365160133FD006B7239 /* AppDelegate.h */,
				B1143366160133FD006B7239 /* AppDelegate.m */,
				B11F086F1620184300E2DD89 /* Common.h */,
				B11F08701620184300E2DD89 /* Common.m */,
				B1DDAA751625D2C000E3B358 /* Views & Controllers */,
				B1ED019B160C4B96007961AF /* Models */,
				B1CF5D801626F839003BFC2E /* Libraries */,
				B182DADC1601C1080017BB8B /* Resource */,
				B114335D160133FD006B7239 /* Supporting Files */,
			);
			path = "Joyfl Tracker";
			sourceTree = "<group>";
		};
		B114335D160133FD006B7239 /* Supporting Files */ = {
			isa = PBXGroup;
			children = (
				B114335E160133FD006B7239 /* Joyfl Tracker-Info.plist */,
				B1A268341610FB4400BACBBF /* Localizable.strings */,
				B114335F160133FD006B7239 /* InfoPlist.strings */,
				B1143362160133FD006B7239 /* main.m */,
				B1143364160133FD006B7239 /* Joyfl Tracker-Prefix.pch */,
			);
			name = "Supporting Files";
			sourceTree = "<group>";
		};
		B114337C16013958006B7239 /* Workout */ = {
			isa = PBXGroup;
			children = (
				B11F085C1620180400E2DD89 /* WorkoutReadyViewController.h */,
				B11F085D1620180400E2DD89 /* WorkoutReadyViewController.m */,
				B11F085E1620180400E2DD89 /* WorkoutSelectionView.h */,
				B11F085F1620180400E2DD89 /* WorkoutSelectionView.m */,
				B11F08601620180400E2DD89 /* WorkoutTrackingViewController.h */,
				B11F08611620180400E2DD89 /* WorkoutTrackingViewController.m */,
				B1EB4EB51625D72600981D39 /* WorkoutEndViewController.h */,
				B1EB4EB61625D72600981D39 /* WorkoutEndViewController.m */,
			);
			name = Workout;
			sourceTree = "<group>";
		};
		B114338A16013FD6006B7239 /* History */ = {
			isa = PBXGroup;
			children = (
				B11F086A1620181A00E2DD89 /* HistoryListViewController.h */,
				B11F086B1620181A00E2DD89 /* HistoryListViewController.m */,
				B11F08681620181A00E2DD89 /* HistoryDetailViewController.h */,
				B11F08691620181A00E2DD89 /* HistoryDetailViewController.m */,
			);
			name = History;
			sourceTree = "<group>";
		};
		B146E2A5160A6026009357C3 /* Profile */ = {
			isa = PBXGroup;
			children = (
				B16A74521626950B001A272C /* ProfileViewController.h */,
				B16A74531626950B001A272C /* ProfileViewController.m */,
			);
			name = Profile;
			sourceTree = "<group>";
		};
		B182DADC1601C1080017BB8B /* Resource */ = {
			isa = PBXGroup;
			children = (
				B197B7B916112F3100B35C52 /* Common */,
				B197B7BA16112F3100B35C52 /* History */,
				B197B7C016112F3100B35C52 /* Profile */,
				B197B7C116112F3100B35C52 /* TabBar */,
				B197B7C816112F3100B35C52 /* Types */,
				B197B7CB16112F3100B35C52 /* Workout */,
				B10847C2160A7DA0003939C3 /* Icon */,
			);
			name = Resource;
			sourceTree = "<group>";
		};
		B197B7B916112F3100B35C52 /* Common */ = {
			isa = PBXGroup;
			children = (
			);
			name = Common;
			path = Resource/Common;
			sourceTree = "<group>";
		};
		B197B7BA16112F3100B35C52 /* History */ = {
			isa = PBXGroup;
			children = (
			);
			name = History;
			path = Resource/History;
			sourceTree = "<group>";
		};
		B197B7C016112F3100B35C52 /* Profile */ = {
			isa = PBXGroup;
			children = (
			);
			name = Profile;
			path = Resource/Profile;
			sourceTree = "<group>";
		};
		B197B7C116112F3100B35C52 /* TabBar */ = {
			isa = PBXGroup;
			children = (
				B197B7C216112F3100B35C52 /* TabBarBackground.png */,
				B197B7C316112F3100B35C52 /* TabBarItemHistory.png */,
				B197B7C416112F3100B35C52 /* TabBarItemNearby.png */,
				B197B7C516112F3100B35C52 /* TabBarItemProfile.png */,
				B197B7C616112F3100B35C52 /* TabBarSelected.png */,
				B197B7C716112F3100B35C52 /* TabBarItemWorkout.png */,
			);
			name = TabBar;
			path = Resource/TabBar;
			sourceTree = "<group>";
		};
		B197B7C816112F3100B35C52 /* Types */ = {
			isa = PBXGroup;
			children = (
				B114BDD4162A3F750072B6B1 /* TypeCyclingIcon.png */,
				B114BDD5162A3F750072B6B1 /* TypeOtherIcon.png */,
				B114BDD6162A3F750072B6B1 /* TypeRunningIcon.png */,
				B114BDD7162A3F750072B6B1 /* TypeWalkingIcon.png */,
				B13CE18F161141E100D0EF59 /* TypeOther.png */,
				B13CE18D1611417F00D0EF59 /* TypeSkating.png */,
				B13CE18B16113C2B00D0EF59 /* TypeSkiing.png */,
				B13CE18916113AC400D0EF59 /* TypeCycling.png */,
				B13CE187161139AB00D0EF59 /* TypeHiking.png */,
				B197B7C916112F3100B35C52 /* TypeRunning.png */,
				B197B7CA16112F3100B35C52 /* TypeWalking.png */,
			);
			name = Types;
			path = Resource/Types;
			sourceTree = "<group>";
		};
		B197B7CB16112F3100B35C52 /* Workout */ = {
			isa = PBXGroup;
			children = (
				B18C1DBA16130AA000B70ABA /* WorkoutSignalImage.png */,
				B197B7E0161133A800B35C52 /* WorkoutBackground.jpg */,
				B197B7CC16112F3100B35C52 /* WorkoutStartButton.png */,
				B197B7CD16112F3100B35C52 /* WorkoutStartButton@2x.png */,
				B197B7CE16112F3100B35C52 /* WorkoutStartButtonHighlighted.png */,
				B197B7CF16112F3100B35C52 /* WorkoutStartButtonHighlighted@2x.png */,
			);
			name = Workout;
			path = Resource/Workout;
			sourceTree = "<group>";
		};
		B1CF5D801626F839003BFC2E /* Libraries */ = {
			isa = PBXGroup;
			children = (
			);
			name = Libraries;
			sourceTree = "<group>";
		};
		B1DDAA751625D2C000E3B358 /* Views & Controllers */ = {
			isa = PBXGroup;
			children = (
				B114337C16013958006B7239 /* Workout */,
				B114338A16013FD6006B7239 /* History */,
				B146E2A5160A6026009357C3 /* Profile */,
			);
			name = "Views & Controllers";
			sourceTree = "<group>";
		};
		B1ED019B160C4B96007961AF /* Models */ = {
			isa = PBXGroup;
			children = (
				B1A2683F16110E2200BACBBF /* WorkoutTypeModel.h */,
				B1A2684016110E2200BACBBF /* WorkoutTypeModel.m */,
				B1DDAA761625D2E800E3B358 /* WorkoutTypeManager.h */,
				B1DDAA771625D2E800E3B358 /* WorkoutTypeManager.m */,
				B1195D2C161A0EA200C5F9F3 /* WorkoutModel.h */,
				B1195D2D161A0EA200C5F9F3 /* WorkoutModel.m */,
				B1F1A97E1638461A0043292D /* WorkoutManager.h */,
				B1F1A97F1638461A0043292D /* WorkoutManager.m */,
				B1DC1BDB162BF3B800636647 /* ProfileManager.h */,
				B1DC1BDC162BF3B800636647 /* ProfileManager.m */,
			);
			name = Models;
			sourceTree = "<group>";
		};
/* End PBXGroup section */

/* Begin PBXNativeTarget section */
		B1143351160133FD006B7239 /* Joyfl Tracker */ = {
			isa = PBXNativeTarget;
			buildConfigurationList = B114336A160133FD006B7239 /* Build configuration list for PBXNativeTarget "Joyfl Tracker" */;
			buildPhases = (
				B114334E160133FD006B7239 /* Sources */,
				B114334F160133FD006B7239 /* Frameworks */,
				B1143350160133FD006B7239 /* Resources */,
			);
			buildRules = (
			);
			dependencies = (
			);
			name = "Joyfl Tracker";
			productName = "Joyfl Tracker";
			productReference = B1143352160133FD006B7239 /* Joyfl Tracker.app */;
			productType = "com.apple.product-type.application";
		};
/* End PBXNativeTarget section */

/* Begin PBXProject section */
		B1143349160133FD006B7239 /* Project object */ = {
			isa = PBXProject;
			attributes = {
				CLASSPREFIX = Tracker;
				LastUpgradeCheck = 0430;
				ORGANIZATIONNAME = "연세대학교";
			};
			buildConfigurationList = B114334C160133FD006B7239 /* Build configuration list for PBXProject "Joyfl Tracker" */;
			compatibilityVersion = "Xcode 3.2";
			developmentRegion = English;
			hasScannedForEncodings = 0;
			knownRegions = (
				en,
				ko,
				es,
			);
			mainGroup = B1143347160133FD006B7239;
			productRefGroup = B1143353160133FD006B7239 /* Products */;
			projectDirPath = "";
			projectRoot = "";
			targets = (
				B1143351160133FD006B7239 /* Joyfl Tracker */,
			);
		};
/* End PBXProject section */

/* Begin PBXResourcesBuildPhase section */
		B1143350160133FD006B7239 /* Resources */ = {
			isa = PBXResourcesBuildPhase;
			buildActionMask = 2147483647;
			files = (
				B1143361160133FD006B7239 /* InfoPlist.strings in Resources */,
				B10847C7160A7DA6003939C3 /* Icon.png in Resources */,
				B10847C8160A7DA6003939C3 /* Icon@2x.png in Resources */,
				B1A268321610FB4400BACBBF /* Localizable.strings in Resources */,
				B197B7D316112F3100B35C52 /* TabBarBackground.png in Resources */,
				B197B7D416112F3100B35C52 /* TabBarItemHistory.png in Resources */,
				B197B7D516112F3100B35C52 /* TabBarItemNearby.png in Resources */,
				B197B7D616112F3100B35C52 /* TabBarItemProfile.png in Resources */,
				B197B7D716112F3100B35C52 /* TabBarSelected.png in Resources */,
				B197B7D816112F3100B35C52 /* TabBarItemWorkout.png in Resources */,
				B197B7D916112F3100B35C52 /* TypeRunning.png in Resources */,
				B197B7DA16112F3100B35C52 /* TypeWalking.png in Resources */,
				B197B7DB16112F3100B35C52 /* WorkoutStartButton.png in Resources */,
				B197B7DC16112F3100B35C52 /* WorkoutStartButton@2x.png in Resources */,
				B197B7DD16112F3100B35C52 /* WorkoutStartButtonHighlighted.png in Resources */,
				B197B7DE16112F3100B35C52 /* WorkoutStartButtonHighlighted@2x.png in Resources */,
				B197B7E1161133A800B35C52 /* WorkoutBackground.jpg in Resources */,
				B13CE188161139AB00D0EF59 /* TypeHiking.png in Resources */,
				B13CE18A16113AC400D0EF59 /* TypeCycling.png in Resources */,
				B13CE18C16113C2B00D0EF59 /* TypeSkiing.png in Resources */,
				B13CE18E1611417F00D0EF59 /* TypeSkating.png in Resources */,
				B13CE190161141E100D0EF59 /* TypeOther.png in Resources */,
				B18C1DBB16130AA000B70ABA /* WorkoutSignalImage.png in Resources */,
				B114BDD8162A3F750072B6B1 /* TypeCyclingIcon.png in Resources */,
				B114BDD9162A3F750072B6B1 /* TypeOtherIcon.png in Resources */,
				B114BDDA162A3F750072B6B1 /* TypeRunningIcon.png in Resources */,
				B114BDDB162A3F750072B6B1 /* TypeWalkingIcon.png in Resources */,
			);
			runOnlyForDeploymentPostprocessing = 0;
		};
/* End PBXResourcesBuildPhase section */

/* Begin PBXSourcesBuildPhase section */
		B114334E160133FD006B7239 /* Sources */ = {
			isa = PBXSourcesBuildPhase;
			buildActionMask = 2147483647;
			files = (
				B1143363160133FD006B7239 /* main.m in Sources */,
				B1143367160133FD006B7239 /* AppDelegate.m in Sources */,
				B1A2684116110E2200BACBBF /* WorkoutTypeModel.m in Sources */,
				B1195D2E161A0EA200C5F9F3 /* WorkoutModel.m in Sources */,
				B11F08631620180400E2DD89 /* WorkoutReadyViewController.m in Sources */,
				B11F08641620180400E2DD89 /* WorkoutSelectionView.m in Sources */,
				B11F08651620180400E2DD89 /* WorkoutTrackingViewController.m in Sources */,
				B11F086D1620181A00E2DD89 /* HistoryDetailViewController.m in Sources */,
				B11F086E1620181A00E2DD89 /* HistoryListViewController.m in Sources */,
				B11F08711620184400E2DD89 /* Common.m in Sources */,
				B1DDAA781625D2E800E3B358 /* WorkoutTypeManager.m in Sources */,
				B1EB4EB71625D72600981D39 /* WorkoutEndViewController.m in Sources */,
				B16A74541626950B001A272C /* ProfileViewController.m in Sources */,
				B1DC1BDD162BF3B800636647 /* ProfileManager.m in Sources */,
				B1F1A9801638461A0043292D /* WorkoutManager.m in Sources */,
			);
			runOnlyForDeploymentPostprocessing = 0;
		};
/* End PBXSourcesBuildPhase section */

/* Begin PBXVariantGroup section */
		B114335F160133FD006B7239 /* InfoPlist.strings */ = {
			isa = PBXVariantGroup;
			children = (
				B1143360160133FD006B7239 /* en */,
			);
			name = InfoPlist.strings;
			sourceTree = "<group>";
		};
		B1A268341610FB4400BACBBF /* Localizable.strings */ = {
			isa = PBXVariantGroup;
			children = (
				B1A268331610FB4400BACBBF /* en */,
			);
			name = Localizable.strings;
			sourceTree = "<group>";
		};
/* End PBXVariantGroup section */

/* Begin XCBuildConfiguration section */
		B1143368160133FD006B7239 /* Debug */ = {
			isa = XCBuildConfiguration;
			buildSettings = {
				ALWAYS_SEARCH_USER_PATHS = NO;
				ARCHS = "$(ARCHS_STANDARD_32_BIT)";
				"CODE_SIGN_IDENTITY[sdk=iphoneos*]" = "iPhone Developer";
				COPY_PHASE_STRIP = NO;
				GCC_C_LANGUAGE_STANDARD = gnu99;
				GCC_DYNAMIC_NO_PIC = NO;
				GCC_OPTIMIZATION_LEVEL = 0;
				GCC_PREPROCESSOR_DEFINITIONS = (
					"DEBUG=1",
					"$(inherited)",
				);
				GCC_SYMBOLS_PRIVATE_EXTERN = NO;
				GCC_VERSION = com.apple.compilers.llvm.clang.1_0;
				GCC_WARN_ABOUT_RETURN_TYPE = YES;
				GCC_WARN_UNINITIALIZED_AUTOS = YES;
				GCC_WARN_UNUSED_VARIABLE = YES;
				IPHONEOS_DEPLOYMENT_TARGET = 5.1;
				SDKROOT = iphoneos;
			};
			name = Debug;
		};
		B1143369160133FD006B7239 /* Release */ = {
			isa = XCBuildConfiguration;
			buildSettings = {
				ALWAYS_SEARCH_USER_PATHS = NO;
				ARCHS = "$(ARCHS_STANDARD_32_BIT)";
				"CODE_SIGN_IDENTITY[sdk=iphoneos*]" = "iPhone Developer";
				COPY_PHASE_STRIP = YES;
				GCC_C_LANGUAGE_STANDARD = gnu99;
				GCC_VERSION = com.apple.compilers.llvm.clang.1_0;
				GCC_WARN_ABOUT_RETURN_TYPE = YES;
				GCC_WARN_UNINITIALIZED_AUTOS = YES;
				GCC_WARN_UNUSED_VARIABLE = YES;
				IPHONEOS_DEPLOYMENT_TARGET = 5.1;
				OTHER_CFLAGS = "-DNS_BLOCK_ASSERTIONS=1";
				SDKROOT = iphoneos;
				VALIDATE_PRODUCT = YES;
			};
			name = Release;
		};
		B114336B160133FD006B7239 /* Debug */ = {
			isa = XCBuildConfiguration;
			buildSettings = {
				GCC_PRECOMPILE_PREFIX_HEADER = YES;
				GCC_PREFIX_HEADER = "Joyfl Tracker/Joyfl Tracker-Prefix.pch";
				INFOPLIST_FILE = "Joyfl Tracker/Joyfl Tracker-Info.plist";
				PRODUCT_NAME = "$(TARGET_NAME)";
				WRAPPER_EXTENSION = app;
			};
			name = Debug;
		};
		B114336C160133FD006B7239 /* Release */ = {
			isa = XCBuildConfiguration;
			buildSettings = {
				GCC_PRECOMPILE_PREFIX_HEADER = YES;
				GCC_PREFIX_HEADER = "Joyfl Tracker/Joyfl Tracker-Prefix.pch";
				INFOPLIST_FILE = "Joyfl Tracker/Joyfl Tracker-Info.plist";
				PRODUCT_NAME = "$(TARGET_NAME)";
				WRAPPER_EXTENSION = app;
			};
			name = Release;
		};
/* End XCBuildConfiguration section */

/* Begin XCConfigurationList section */
		B114334C160133FD006B7239 /* Build configuration list for PBXProject "Joyfl Tracker" */ = {
			isa = XCConfigurationList;
			buildConfigurations = (
				B1143368160133FD006B7239 /* Debug */,
				B1143369160133FD006B7239 /* Release */,
			);
			defaultConfigurationIsVisible = 0;
			defaultConfigurationName = Release;
		};
		B114336A160133FD006B7239 /* Build configuration list for PBXNativeTarget "Joyfl Tracker" */ = {
			isa = XCConfigurationList;
			buildConfigurations = (
				B114336B160133FD006B7239 /* Debug */,
				B114336C160133FD006B7239 /* Release */,
			);
			defaultConfigurationIsVisible = 0;
			defaultConfigurationName = Release;
		};
/* End XCConfigurationList section */
	};
	rootObject = B1143349160133FD006B7239 /* Project object */;
}
